
Microsoft Visual Studio Solution File, Format Version 12.00
# Visual Studio Version 17
VisualStudioVersion = 17.14.36414.22 d17.14
MinimumVisualStudioVersion = 10.0.40219.1
Project("{8BC9CEB8-8B4A-11D0-8D11-00A0C91BC942}") = "OneCard", "OneCard\OneCard.vcxproj", "{1B84CCFB-413F-04DF-C3D9-102199352697}"
EndProject
Global
	GlobalSection(SolutionConfigurationPlatforms) = preSolution
		Debug|x64 = Debug|x64
		Debug|x86 = Debug|x86
		Release|x64 = Release|x64
		Release|x86 = Release|x86
	EndGlobalSection
	GlobalSection(ProjectConfigurationPlatforms) = postSolution
		{1B84CCFB-413F-04DF-C3D9-102199352697}.Debug|x64.ActiveCfg = Debug|x64
		{1B84CCFB-413F-04DF-C3D9-102199352697}.Debug|x64.Build.0 = Debug|x64
		{1B84CCFB-413F-04DF-C3D9-102199352697}.Debug|x86.ActiveCfg = Debug|Win32
		{1B84CCFB-413F-04DF-C3D9-102199352697}.Debug|x86.Build.0 = Debug|Win32
		{1B84CCFB-413F-04DF-C3D9-102199352697}.Release|x64.ActiveCfg = Release|x64
		{1B84CCFB-413F-04DF-C3D9-102199352697}.Release|x64.Build.0 = Release|x64
		{1B84CCFB-413F-04DF-C3D9-102199352697}.Release|x86.ActiveCfg = Release|Win32
		{1B84CCFB-413F-04DF-C3D9-102199352697}.Release|x86.Build.0 = Release|Win32
	EndGlobalSection
	GlobalSection(SolutionProperties) = preSolution
		HideSolutionNode = FALSE
	EndGlobalSection
	GlobalSection(ExtensibilityGlobals) = postSolution
		SolutionGuid = {B4F3727E-3A1B-4662-B34E-2EBFC8B9495E}
	EndGlobalSection
EndGlobal
